
Microsoft Visual Studio Solution File, Format Version 12.00
# Visual Studio Version 16
VisualStudioVersion = 16.0.29418.71
MinimumVisualStudioVersion = 10.0.40219.1
Project("{9A19103F-16F7-4668-BE54-9A1E7A4F7556}") = "ProductService", "ProductService\ProductService.csproj", "{3C87ED09-483B-4E81-B5A8-965CC1C0A314}"
EndProject
Project("{9A19103F-16F7-4668-BE54-9A1E7A4F7556}") = "ProductService.DAL", "ProductService.DAL\ProductService.DAL.csproj", "{BF23F410-06BB-46F5-8D0C-936EBE8E1487}"
EndProject
Global
	GlobalSection(SolutionConfigurationPlatforms) = preSolution
		Debug|Any CPU = Debug|Any CPU
		Release|Any CPU = Release|Any CPU
	EndGlobalSection
	GlobalSection(ProjectConfigurationPlatforms) = postSolution
		{3C87ED09-483B-4E81-B5A8-965CC1C0A314}.Debug|Any CPU.ActiveCfg = Debug|Any CPU
		{3C87ED09-483B-4E81-B5A8-965CC1C0A314}.Debug|Any CPU.Build.0 = Debug|Any CPU
		{3C87ED09-483B-4E81-B5A8-965CC1C0A314}.Release|Any CPU.ActiveCfg = Release|Any CPU
		{3C87ED09-483B-4E81-B5A8-965CC1C0A314}.Release|Any CPU.Build.0 = Release|Any CPU
		{BF23F410-06BB-46F5-8D0C-936EBE8E1487}.Debug|Any CPU.ActiveCfg = Debug|Any CPU
		{BF23F410-06BB-46F5-8D0C-936EBE8E1487}.Debug|Any CPU.Build.0 = Debug|Any CPU
		{BF23F410-06BB-46F5-8D0C-936EBE8E1487}.Release|Any CPU.ActiveCfg = Release|Any CPU
		{BF23F410-06BB-46F5-8D0C-936EBE8E1487}.Release|Any CPU.Build.0 = Release|Any CPU
	EndGlobalSection
	GlobalSection(SolutionProperties) = preSolution
		HideSolutionNode = FALSE
	EndGlobalSection
	GlobalSection(ExtensibilityGlobals) = postSolution
		SolutionGuid = {DA7CDC82-774F-4E99-A790-1E615E5BF292}
	EndGlobalSection
EndGlobal
