
Microsoft Visual Studio Solution File, Format Version 12.00
# Visual Studio Version 17
VisualStudioVersion = 17.2.32630.192
MinimumVisualStudioVersion = 10.0.40219.1
Project("{9A19103F-16F7-4668-BE54-9A1E7A4F7556}") = "NorthwindProductService", "NorthwindProductService\NorthwindProductService.csproj", "{0AACF528-C32D-4736-B453-6D70CE25B5E7}"
EndProject
Global
	GlobalSection(SolutionConfigurationPlatforms) = preSolution
		Debug|Any CPU = Debug|Any CPU
		Release|Any CPU = Release|Any CPU
	EndGlobalSection
	GlobalSection(ProjectConfigurationPlatforms) = postSolution
		{0AACF528-C32D-4736-B453-6D70CE25B5E7}.Debug|Any CPU.ActiveCfg = Debug|Any CPU
		{0AACF528-C32D-4736-B453-6D70CE25B5E7}.Debug|Any CPU.Build.0 = Debug|Any CPU
		{0AACF528-C32D-4736-B453-6D70CE25B5E7}.Release|Any CPU.ActiveCfg = Release|Any CPU
		{0AACF528-C32D-4736-B453-6D70CE25B5E7}.Release|Any CPU.Build.0 = Release|Any CPU
	EndGlobalSection
	GlobalSection(SolutionProperties) = preSolution
		HideSolutionNode = FALSE
	EndGlobalSection
	GlobalSection(ExtensibilityGlobals) = postSolution
		SolutionGuid = {255E9332-DFBF-4008-89E9-F62201D1EB47}
	EndGlobalSection
EndGlobal
